# This file is automatically @generated by Cargo.
# It is not intended for manual editing.
version = 3

[[package]]
name = "futures-core"
version = "0.3.14"
source = "registry+https://github.com/rust-lang/crates.io-index"
checksum = "098cd1c6dda6ca01650f1a37a794245eb73181d0d4d4e955e2f3c37db7af1815"

[[package]]
name = "futures-task"
version = "0.3.14"
source = "registry+https://github.com/rust-lang/crates.io-index"
checksum = "ba7aa51095076f3ba6d9a1f702f74bd05ec65f555d70d2033d55ba8d69f581bc"

[[package]]
name = "futures-util"
version = "0.3.14"
source = "registry+https://github.com/rust-lang/crates.io-index"
checksum = "3c144ad54d60f23927f0a6b6d816e4271278b64f005ad65e4e35291d2de9c025"
dependencies = [
 "futures-core",
 "futures-task",
 "pin-project-lite",
 "pin-utils",
]

[[package]]
name = "pin-project-lite"
version = "0.2.6"
source = "registry+https://github.com/rust-lang/crates.io-index"
checksum = "dc0e1f259c92177c30a4c9d177246edd0a3568b25756a977d0632cf8fa37e905"

[[package]]
name = "pin-utils"
version = "0.1.0"
source = "registry+https://github.com/rust-lang/crates.io-index"
checksum = "8b870d8c151b6f2fb93e84a13146138f05d02ed11c7e7c54f8826aaaf7c9f184"

[[package]]
name = "ruspiro-arch-aarch64"
version = "0.1.4"
source = "registry+https://github.com/rust-lang/crates.io-index"
checksum = "487585439e7a06c60294325fd1016cf5841ecf39bc388088d7fe09938a5e8050"
dependencies = [
 "ruspiro-register",
]

[[package]]
name = "ruspiro-channel"
version = "0.1.1"
dependencies = [
 "futures-util",
 "ruspiro-arch-aarch64",
]

[[package]]
name = "ruspiro-register"
version = "0.5.4"
source = "registry+https://github.com/rust-lang/crates.io-index"
checksum = "161d5f7992ad812a4cf78301846265fb34ba86db288d17aa35d36c5ec72ee349"
